// !$*UTF8*$!
{
	archiveVersion = 1;
	classes = {
	};
	objectVersion = 48;
	objects = {

/* Begin PBXBuildFile section */
		395A45EBCA14935D2D22BCFD /* Pods_polipoli.framework in Frameworks */ = {isa = PBXBuildFile; fileRef = E4AD82C0D454B3C2D9332212 /* Pods_polipoli.framework */; };
		510F35FF1FAFD2F7005E9F09 /* こう.jpg in Resources */ = {isa = PBXBuildFile; fileRef = 510F35FE1FAFD2F1005E9F09 /* こう.jpg */; };
		510F36001FAFD2FA005E9F09 /* 高橋.jpg in Resources */ = {isa = PBXBuildFile; fileRef = 510F35FD1FAFD2F0005E9F09 /* 高橋.jpg */; };
		510F36011FAFD2FF005E9F09 /* 坂下.jpg in Resources */ = {isa = PBXBuildFile; fileRef = 510F35FC1FAFD2F0005E9F09 /* 坂下.jpg */; };
		510F36031FAFD308005E9F09 /* 村越.jpg in Resources */ = {isa = PBXBuildFile; fileRef = 510F35FB1FAFD2EF005E9F09 /* 村越.jpg */; };
		510F36051FAFDAC4005E9F09 /* 小泉.jpg in Resources */ = {isa = PBXBuildFile; fileRef = 510F36041FAFDAA6005E9F09 /* 小泉.jpg */; };
		510F360C1FAFE07E005E9F09 /* 11.png in Resources */ = {isa = PBXBuildFile; fileRef = 510F360B1FAFE062005E9F09 /* 11.png */; };
		510F360E1FAFE110005E9F09 /* 15.jpg in Resources */ = {isa = PBXBuildFile; fileRef = 510F360D1FAFE0F4005E9F09 /* 15.jpg */; };
		510F36101FAFE7D1005E9F09 /* icons8-geography.png in Resources */ = {isa = PBXBuildFile; fileRef = 510F360F1FAFE7C4005E9F09 /* icons8-geography.png */; };
		512113611FB4D110008D1928 /* icons8-clover.png in Resources */ = {isa = PBXBuildFile; fileRef = 515EF4261FB4CA1400D0FB10 /* icons8-clover.png */; };
		512113631FB4D766008D1928 /* icons8-start.png in Resources */ = {isa = PBXBuildFile; fileRef = 512113621FB4D699008D1928 /* icons8-start.png */; };
		512113651FB4D81A008D1928 /* 00.png in Resources */ = {isa = PBXBuildFile; fileRef = 512113641FB4D80E008D1928 /* 00.png */; };
		512113671FB4D9CF008D1928 /* 05.png in Resources */ = {isa = PBXBuildFile; fileRef = 512113661FB4D828008D1928 /* 05.png */; };
		5121136A1FB4DB5C008D1928 /* 0.png in Resources */ = {isa = PBXBuildFile; fileRef = 512113691FB4DB04008D1928 /* 0.png */; };
		5121136B1FB4DB66008D1928 /* 2.png in Resources */ = {isa = PBXBuildFile; fileRef = 512113681FB4DAB5008D1928 /* 2.png */; };
		515EF40C1FB4C12200D0FB10 /* Icon-App-76x76@3x.png in Resources */ = {isa = PBXBuildFile; fileRef = 515EF4091FB4BEC000D0FB10 /* Icon-App-76x76@3x.png */; };
		515EF4191FB4C36100D0FB10 /* movieStart.png in Resources */ = {isa = PBXBuildFile; fileRef = 515EF4181FB4C35400D0FB10 /* movieStart.png */; };
		515EF4211FB4C97F00D0FB10 /* 01.png in Resources */ = {isa = PBXBuildFile; fileRef = 515EF41B1FB4C95400D0FB10 /* 01.png */; };
		515EF4221FB4C98300D0FB10 /* 02.png in Resources */ = {isa = PBXBuildFile; fileRef = 515EF41C1FB4C95500D0FB10 /* 02.png */; };
		515EF4231FB4C98F00D0FB10 /* 03.png in Resources */ = {isa = PBXBuildFile; fileRef = 515EF41E1FB4C95700D0FB10 /* 03.png */; };
		515EF4241FB4C99200D0FB10 /* 04.png in Resources */ = {isa = PBXBuildFile; fileRef = 515EF41D1FB4C95600D0FB10 /* 04.png */; };
		516A1C651FB33E8000ACD136 /* Info.plist in Resources */ = {isa = PBXBuildFile; fileRef = 51886CB81FA8B7F1001EF5C9 /* Info.plist */; };
		517B7D4B1FB230D30013F850 /* answerListViewController.swift in Sources */ = {isa = PBXBuildFile; fileRef = 517B7D4A1FB230D30013F850 /* answerListViewController.swift */; };
		517B7D4E1FB266540013F850 /* icons8-more_than.png in Resources */ = {isa = PBXBuildFile; fileRef = 517B7D4C1FB266400013F850 /* icons8-more_than.png */; };
		517B7D4F1FB266570013F850 /* icons8-less_than.png in Resources */ = {isa = PBXBuildFile; fileRef = 517B7D4D1FB2664C0013F850 /* icons8-less_than.png */; };
		517B7D541FB2B4F10013F850 /* 1.png in Resources */ = {isa = PBXBuildFile; fileRef = 517B7D511FB2B4CF0013F850 /* 1.png */; };
		517B7D551FB2B4F50013F850 /* 3.png in Resources */ = {isa = PBXBuildFile; fileRef = 517B7D521FB2B4D90013F850 /* 3.png */; };
		51886CAD1FA8B7F1001EF5C9 /* AppDelegate.swift in Sources */ = {isa = PBXBuildFile; fileRef = 51886CAC1FA8B7F1001EF5C9 /* AppDelegate.swift */; };
		51886CAF1FA8B7F1001EF5C9 /* ViewController.swift in Sources */ = {isa = PBXBuildFile; fileRef = 51886CAE1FA8B7F1001EF5C9 /* ViewController.swift */; };
		51886CB21FA8B7F1001EF5C9 /* Main.storyboard in Resources */ = {isa = PBXBuildFile; fileRef = 51886CB01FA8B7F1001EF5C9 /* Main.storyboard */; };
		51886CB41FA8B7F1001EF5C9 /* Assets.xcassets in Resources */ = {isa = PBXBuildFile; fileRef = 51886CB31FA8B7F1001EF5C9 /* Assets.xcassets */; };
		51886CB71FA8B7F1001EF5C9 /* LaunchScreen.storyboard in Resources */ = {isa = PBXBuildFile; fileRef = 51886CB51FA8B7F1001EF5C9 /* LaunchScreen.storyboard */; };
		51886CBF1FA8C794001EF5C9 /* GoogleService-Info.plist in Resources */ = {isa = PBXBuildFile; fileRef = 51886CBE1FA8C760001EF5C9 /* GoogleService-Info.plist */; };
		51C2DA311FB0A03C004F6986 /* icons8-edit.png in Resources */ = {isa = PBXBuildFile; fileRef = 51C2DA301FB0A02A004F6986 /* icons8-edit.png */; };
		51C2DA331FB173EF004F6986 /* icons8-heart-outline.png in Resources */ = {isa = PBXBuildFile; fileRef = 51C2DA321FB1711E004F6986 /* icons8-heart-outline.png */; };
		51C359781FA8CC9000A177B8 /* rinenDetailVewController.swift in Sources */ = {isa = PBXBuildFile; fileRef = 51C359771FA8CC9000A177B8 /* rinenDetailVewController.swift */; };
		51C359851FA9169300A177B8 /* SeizikaViewController.swift in Sources */ = {isa = PBXBuildFile; fileRef = 51C359841FA9169300A177B8 /* SeizikaViewController.swift */; };
		51C3598D1FA99BEC00A177B8 /* Event1ViewController.swift in Sources */ = {isa = PBXBuildFile; fileRef = 51C3598C1FA99BEC00A177B8 /* Event1ViewController.swift */; };
		51C3598F1FA99C0800A177B8 /* Event2ViewController.swift in Sources */ = {isa = PBXBuildFile; fileRef = 51C3598E1FA99C0800A177B8 /* Event2ViewController.swift */; };
		51C359911FA99C1500A177B8 /* Event3ViewController.swift in Sources */ = {isa = PBXBuildFile; fileRef = 51C359901FA99C1500A177B8 /* Event3ViewController.swift */; };
		51C359951FA99C3200A177B8 /* Event0ViewController.swift in Sources */ = {isa = PBXBuildFile; fileRef = 51C359941FA99C3200A177B8 /* Event0ViewController.swift */; };
		51C359971FA9B5B300A177B8 /* movieDetailViewController.swift in Sources */ = {isa = PBXBuildFile; fileRef = 51C359961FA9B5B300A177B8 /* movieDetailViewController.swift */; };
		51C359991FA9B5C400A177B8 /* planDetailViewController.swift in Sources */ = {isa = PBXBuildFile; fileRef = 51C359981FA9B5C400A177B8 /* planDetailViewController.swift */; };
		51C65D101FAE8C420097003E /* icons8-talk.png in Resources */ = {isa = PBXBuildFile; fileRef = 51C65D0F1FAE2F940097003E /* icons8-talk.png */; };
		51D3DB2C1FAAA171005FCCBF /* 14.jpg in Resources */ = {isa = PBXBuildFile; fileRef = 51D3DB2B1FAAA16A005FCCBF /* 14.jpg */; };
		51D3DB2F1FAAA24F005FCCBF /* 13.jpg in Resources */ = {isa = PBXBuildFile; fileRef = 51D3DB2E1FAAA24C005FCCBF /* 13.jpg */; };
		51D3DB311FAAA2DC005FCCBF /* 12.jpg in Resources */ = {isa = PBXBuildFile; fileRef = 51D3DB301FAAA2D8005FCCBF /* 12.jpg */; };
		51D3DB331FAAA8C3005FCCBF /* icons8-contract_job.png in Resources */ = {isa = PBXBuildFile; fileRef = 51D3DB321FAAA8BF005FCCBF /* icons8-contract_job.png */; };
		51D3DB391FAAABD2005FCCBF /* icons8-hearts.png in Resources */ = {isa = PBXBuildFile; fileRef = 51D3DB341FAAABA6005FCCBF /* icons8-hearts.png */; };
		51D3DB3A1FAAABD5005FCCBF /* icons8-faq.png in Resources */ = {isa = PBXBuildFile; fileRef = 51D3DB351FAAABBE005FCCBF /* icons8-faq.png */; };
		51D3DB3B1FAAABD8005FCCBF /* icons8-movie.png in Resources */ = {isa = PBXBuildFile; fileRef = 51D3DB361FAAABCB005FCCBF /* icons8-movie.png */; };
		51D3DB3C1FAAABDC005FCCBF /* icons8-test_results.png in Resources */ = {isa = PBXBuildFile; fileRef = 51D3DB371FAAABCB005FCCBF /* icons8-test_results.png */; };
		51D3DB3D1FAAABDF005FCCBF /* icons8-weightlift.png in Resources */ = {isa = PBXBuildFile; fileRef = 51D3DB381FAAABCC005FCCBF /* icons8-weightlift.png */; };
		51D3DB3F1FAB20BE005FCCBF /* performDetailViewController.swift in Sources */ = {isa = PBXBuildFile; fileRef = 51D3DB3E1FAB20BD005FCCBF /* performDetailViewController.swift */; };
		51D3DB411FAB42CA005FCCBF /* CommentViewController.swift in Sources */ = {isa = PBXBuildFile; fileRef = 51D3DB401FAB42CA005FCCBF /* CommentViewController.swift */; };
		51D3DB431FAB688A005FCCBF /* PostCommentViewController.swift in Sources */ = {isa = PBXBuildFile; fileRef = 51D3DB421FAB688A005FCCBF /* PostCommentViewController.swift */; };
		51E8394E1FAF62710092CF99 /* QAViewController.swift in Sources */ = {isa = PBXBuildFile; fileRef = 51E8394D1FAF62710092CF99 /* QAViewController.swift */; };
		51E839501FAF84200092CF99 /* WebKit.framework in Frameworks */ = {isa = PBXBuildFile; fileRef = 51E8394F1FAF84200092CF99 /* WebKit.framework */; };
		51F0E0051FB1DB8600666A99 /* scheduleViewController.swift in Sources */ = {isa = PBXBuildFile; fileRef = 51F0E0041FB1DB8600666A99 /* scheduleViewController.swift */; };
/* End PBXBuildFile section */

/* Begin PBXFileReference section */
		210E519D092C01CE9ED5981E /* Pods-polipoli.release.xcconfig */ = {isa = PBXFileReference; includeInIndex = 1; lastKnownFileType = text.xcconfig; name = "Pods-polipoli.release.xcconfig"; path = "Pods/Target Support Files/Pods-polipoli/Pods-polipoli.release.xcconfig"; sourceTree = "<group>"; };
		510F35FB1FAFD2EF005E9F09 /* 村越.jpg */ = {isa = PBXFileReference; lastKnownFileType = image.jpeg; path = "村越.jpg"; sourceTree = "<group>"; };
		510F35FC1FAFD2F0005E9F09 /* 坂下.jpg */ = {isa = PBXFileReference; lastKnownFileType = image.jpeg; path = "坂下.jpg"; sourceTree = "<group>"; };
		510F35FD1FAFD2F0005E9F09 /* 高橋.jpg */ = {isa = PBXFileReference; lastKnownFileType = image.jpeg; path = "高橋.jpg"; sourceTree = "<group>"; };
		510F35FE1FAFD2F1005E9F09 /* こう.jpg */ = {isa = PBXFileReference; lastKnownFileType = image.jpeg; path = "こう.jpg"; sourceTree = "<group>"; };
		510F36041FAFDAA6005E9F09 /* 小泉.jpg */ = {isa = PBXFileReference; lastKnownFileType = image.jpeg; path = "小泉.jpg"; sourceTree = "<group>"; };
		510F360B1FAFE062005E9F09 /* 11.png */ = {isa = PBXFileReference; lastKnownFileType = image.png; path = 11.png; sourceTree = "<group>"; };
		510F360D1FAFE0F4005E9F09 /* 15.jpg */ = {isa = PBXFileReference; lastKnownFileType = image.jpeg; path = 15.jpg; sourceTree = "<group>"; };
		510F360F1FAFE7C4005E9F09 /* icons8-geography.png */ = {isa = PBXFileReference; lastKnownFileType = image.png; path = "icons8-geography.png"; sourceTree = "<group>"; };
		512113621FB4D699008D1928 /* icons8-start.png */ = {isa = PBXFileReference; lastKnownFileType = image.png; path = "icons8-start.png"; sourceTree = "<group>"; };
		512113641FB4D80E008D1928 /* 00.png */ = {isa = PBXFileReference; lastKnownFileType = image.png; name = 00.png; path = ../../../Downloads/00.png; sourceTree = "<group>"; };
		512113661FB4D828008D1928 /* 05.png */ = {isa = PBXFileReference; lastKnownFileType = image.png; path = 05.png; sourceTree = "<group>"; };
		512113681FB4DAB5008D1928 /* 2.png */ = {isa = PBXFileReference; lastKnownFileType = image.png; name = 2.png; path = ../../../Downloads/2.png; sourceTree = "<group>"; };
		512113691FB4DB04008D1928 /* 0.png */ = {isa = PBXFileReference; lastKnownFileType = image.png; name = 0.png; path = ../../../Downloads/0.png; sourceTree = "<group>"; };
		515EF4091FB4BEC000D0FB10 /* Icon-App-76x76@3x.png */ = {isa = PBXFileReference; lastKnownFileType = image.png; name = "Icon-App-76x76@3x.png"; path = "Assets.xcassets/ios/AppIcon.appiconset/Icon-App-76x76@3x.png"; sourceTree = "<group>"; };
		515EF4181FB4C35400D0FB10 /* movieStart.png */ = {isa = PBXFileReference; lastKnownFileType = image.png; path = movieStart.png; sourceTree = "<group>"; };
		515EF41B1FB4C95400D0FB10 /* 01.png */ = {isa = PBXFileReference; lastKnownFileType = image.png; path = 01.png; sourceTree = "<group>"; };
		515EF41C1FB4C95500D0FB10 /* 02.png */ = {isa = PBXFileReference; lastKnownFileType = image.png; path = 02.png; sourceTree = "<group>"; };
		515EF41D1FB4C95600D0FB10 /* 04.png */ = {isa = PBXFileReference; lastKnownFileType = image.png; path = 04.png; sourceTree = "<group>"; };
		515EF41E1FB4C95700D0FB10 /* 03.png */ = {isa = PBXFileReference; lastKnownFileType = image.png; path = 03.png; sourceTree = "<group>"; };
		515EF4261FB4CA1400D0FB10 /* icons8-clover.png */ = {isa = PBXFileReference; lastKnownFileType = image.png; path = "icons8-clover.png"; sourceTree = "<group>"; };
		517B7D4A1FB230D30013F850 /* answerListViewController.swift */ = {isa = PBXFileReference; lastKnownFileType = sourcecode.swift; path = answerListViewController.swift; sourceTree = "<group>"; };
		517B7D4C1FB266400013F850 /* icons8-more_than.png */ = {isa = PBXFileReference; lastKnownFileType = image.png; path = "icons8-more_than.png"; sourceTree = "<group>"; };
		517B7D4D1FB2664C0013F850 /* icons8-less_than.png */ = {isa = PBXFileReference; lastKnownFileType = image.png; path = "icons8-less_than.png"; sourceTree = "<group>"; };
		517B7D511FB2B4CF0013F850 /* 1.png */ = {isa = PBXFileReference; lastKnownFileType = image.png; path = 1.png; sourceTree = "<group>"; };
		517B7D521FB2B4D90013F850 /* 3.png */ = {isa = PBXFileReference; lastKnownFileType = image.png; path = 3.png; sourceTree = "<group>"; };
		51886CA91FA8B7F1001EF5C9 /* polipoli.app */ = {isa = PBXFileReference; explicitFileType = wrapper.application; includeInIndex = 0; path = polipoli.app; sourceTree = BUILT_PRODUCTS_DIR; };
		51886CAC1FA8B7F1001EF5C9 /* AppDelegate.swift */ = {isa = PBXFileReference; lastKnownFileType = sourcecode.swift; path = AppDelegate.swift; sourceTree = "<group>"; };
		51886CAE1FA8B7F1001EF5C9 /* ViewController.swift */ = {isa = PBXFileReference; lastKnownFileType = sourcecode.swift; path = ViewController.swift; sourceTree = "<group>"; };
		51886CB11FA8B7F1001EF5C9 /* Base */ = {isa = PBXFileReference; lastKnownFileType = file.storyboard; name = Base; path = Base.lproj/Main.storyboard; sourceTree = "<group>"; };
		51886CB31FA8B7F1001EF5C9 /* Assets.xcassets */ = {isa = PBXFileReference; lastKnownFileType = folder.assetcatalog; path = Assets.xcassets; sourceTree = "<group>"; };
		51886CB61FA8B7F1001EF5C9 /* Base */ = {isa = PBXFileReference; lastKnownFileType = file.storyboard; name = Base; path = Base.lproj/LaunchScreen.storyboard; sourceTree = "<group>"; };
		51886CB81FA8B7F1001EF5C9 /* Info.plist */ = {isa = PBXFileReference; lastKnownFileType = text.plist.xml; path = Info.plist; sourceTree = "<group>"; };
		51886CBE1FA8C760001EF5C9 /* GoogleService-Info.plist */ = {isa = PBXFileReference; lastKnownFileType = text.plist.xml; path = "GoogleService-Info.plist"; sourceTree = "<group>"; };
		51C2DA301FB0A02A004F6986 /* icons8-edit.png */ = {isa = PBXFileReference; lastKnownFileType = image.png; path = "icons8-edit.png"; sourceTree = "<group>"; };
		51C2DA321FB1711E004F6986 /* icons8-heart-outline.png */ = {isa = PBXFileReference; lastKnownFileType = image.png; path = "icons8-heart-outline.png"; sourceTree = "<group>"; };
		51C359771FA8CC9000A177B8 /* rinenDetailVewController.swift */ = {isa = PBXFileReference; lastKnownFileType = sourcecode.swift; path = rinenDetailVewController.swift; sourceTree = "<group>"; };
		51C359841FA9169300A177B8 /* SeizikaViewController.swift */ = {isa = PBXFileReference; lastKnownFileType = sourcecode.swift; path = SeizikaViewController.swift; sourceTree = "<group>"; };
		51C3598C1FA99BEC00A177B8 /* Event1ViewController.swift */ = {isa = PBXFileReference; lastKnownFileType = sourcecode.swift; path = Event1ViewController.swift; sourceTree = "<group>"; };
		51C3598E1FA99C0800A177B8 /* Event2ViewController.swift */ = {isa = PBXFileReference; lastKnownFileType = sourcecode.swift; path = Event2ViewController.swift; sourceTree = "<group>"; };
		51C359901FA99C1500A177B8 /* Event3ViewController.swift */ = {isa = PBXFileReference; lastKnownFileType = sourcecode.swift; path = Event3ViewController.swift; sourceTree = "<group>"; };
		51C359941FA99C3200A177B8 /* Event0ViewController.swift */ = {isa = PBXFileReference; lastKnownFileType = sourcecode.swift; path = Event0ViewController.swift; sourceTree = "<group>"; };
		51C359961FA9B5B300A177B8 /* movieDetailViewController.swift */ = {isa = PBXFileReference; lastKnownFileType = sourcecode.swift; path = movieDetailViewController.swift; sourceTree = "<group>"; };
		51C359981FA9B5C400A177B8 /* planDetailViewController.swift */ = {isa = PBXFileReference; lastKnownFileType = sourcecode.swift; path = planDetailViewController.swift; sourceTree = "<group>"; };
		51C65D0F1FAE2F940097003E /* icons8-talk.png */ = {isa = PBXFileReference; lastKnownFileType = image.png; path = "icons8-talk.png"; sourceTree = "<group>"; };
		51D3DB2B1FAAA16A005FCCBF /* 14.jpg */ = {isa = PBXFileReference; lastKnownFileType = image.jpeg; path = 14.jpg; sourceTree = "<group>"; };
		51D3DB2E1FAAA24C005FCCBF /* 13.jpg */ = {isa = PBXFileReference; lastKnownFileType = image.jpeg; path = 13.jpg; sourceTree = "<group>"; };
		51D3DB301FAAA2D8005FCCBF /* 12.jpg */ = {isa = PBXFileReference; lastKnownFileType = image.jpeg; path = 12.jpg; sourceTree = "<group>"; };
		51D3DB321FAAA8BF005FCCBF /* icons8-contract_job.png */ = {isa = PBXFileReference; lastKnownFileType = image.png; path = "icons8-contract_job.png"; sourceTree = "<group>"; };
		51D3DB341FAAABA6005FCCBF /* icons8-hearts.png */ = {isa = PBXFileReference; lastKnownFileType = image.png; path = "icons8-hearts.png"; sourceTree = "<group>"; };
		51D3DB351FAAABBE005FCCBF /* icons8-faq.png */ = {isa = PBXFileReference; lastKnownFileType = image.png; path = "icons8-faq.png"; sourceTree = "<group>"; };
		51D3DB361FAAABCB005FCCBF /* icons8-movie.png */ = {isa = PBXFileReference; lastKnownFileType = image.png; path = "icons8-movie.png"; sourceTree = "<group>"; };
		51D3DB371FAAABCB005FCCBF /* icons8-test_results.png */ = {isa = PBXFileReference; lastKnownFileType = image.png; path = "icons8-test_results.png"; sourceTree = "<group>"; };
		51D3DB381FAAABCC005FCCBF /* icons8-weightlift.png */ = {isa = PBXFileReference; lastKnownFileType = image.png; path = "icons8-weightlift.png"; sourceTree = "<group>"; };
		51D3DB3E1FAB20BD005FCCBF /* performDetailViewController.swift */ = {isa = PBXFileReference; lastKnownFileType = sourcecode.swift; path = performDetailViewController.swift; sourceTree = "<group>"; };
		51D3DB401FAB42CA005FCCBF /* CommentViewController.swift */ = {isa = PBXFileReference; lastKnownFileType = sourcecode.swift; path = CommentViewController.swift; sourceTree = "<group>"; };
		51D3DB421FAB688A005FCCBF /* PostCommentViewController.swift */ = {isa = PBXFileReference; lastKnownFileType = sourcecode.swift; path = PostCommentViewController.swift; sourceTree = "<group>"; };
		51E8394D1FAF62710092CF99 /* QAViewController.swift */ = {isa = PBXFileReference; lastKnownFileType = sourcecode.swift; path = QAViewController.swift; sourceTree = "<group>"; };
		51E8394F1FAF84200092CF99 /* WebKit.framework */ = {isa = PBXFileReference; lastKnownFileType = wrapper.framework; name = WebKit.framework; path = System/Library/Frameworks/WebKit.framework; sourceTree = SDKROOT; };
		51F0E0041FB1DB8600666A99 /* scheduleViewController.swift */ = {isa = PBXFileReference; lastKnownFileType = sourcecode.swift; path = scheduleViewController.swift; sourceTree = "<group>"; };
		E4AD82C0D454B3C2D9332212 /* Pods_polipoli.framework */ = {isa = PBXFileReference; explicitFileType = wrapper.framework; includeInIndex = 0; path = Pods_polipoli.framework; sourceTree = BUILT_PRODUCTS_DIR; };
		E7EECEF11A68E34A24F3FA92 /* Pods-polipoli.debug.xcconfig */ = {isa = PBXFileReference; includeInIndex = 1; lastKnownFileType = text.xcconfig; name = "Pods-polipoli.debug.xcconfig"; path = "Pods/Target Support Files/Pods-polipoli/Pods-polipoli.debug.xcconfig"; sourceTree = "<group>"; };
/* End PBXFileReference section */

/* Begin PBXFrameworksBuildPhase section */
		51886CA61FA8B7F1001EF5C9 /* Frameworks */ = {
			isa = PBXFrameworksBuildPhase;
			buildActionMask = 2147483647;
			files = (
				51E839501FAF84200092CF99 /* WebKit.framework in Frameworks */,
				395A45EBCA14935D2D22BCFD /* Pods_polipoli.framework in Frameworks */,
			);
			runOnlyForDeploymentPostprocessing = 0;
		};
/* End PBXFrameworksBuildPhase section */

/* Begin PBXGroup section */
		51886CA01FA8B7F1001EF5C9 = {
			isa = PBXGroup;
			children = (
				51886CAB1FA8B7F1001EF5C9 /* polipoli */,
				51886CAA1FA8B7F1001EF5C9 /* Products */,
				B06C302934E09B6156F1D55D /* Pods */,
				612D9DE2EAE163780764D711 /* Frameworks */,
			);
			sourceTree = "<group>";
		};
		51886CAA1FA8B7F1001EF5C9 /* Products */ = {
			isa = PBXGroup;
			children = (
				51886CA91FA8B7F1001EF5C9 /* polipoli.app */,
			);
			name = Products;
			sourceTree = "<group>";
		};
		51886CAB1FA8B7F1001EF5C9 /* polipoli */ = {
			isa = PBXGroup;
			children = (
				51D3DB341FAAABA6005FCCBF /* icons8-hearts.png */,
				51D3DB351FAAABBE005FCCBF /* icons8-faq.png */,
				51C2DA321FB1711E004F6986 /* icons8-heart-outline.png */,
				51D3DB361FAAABCB005FCCBF /* icons8-movie.png */,
				51D3DB371FAAABCB005FCCBF /* icons8-test_results.png */,
				51D3DB381FAAABCC005FCCBF /* icons8-weightlift.png */,
				51C65D0F1FAE2F940097003E /* icons8-talk.png */,
				51C2DA301FB0A02A004F6986 /* icons8-edit.png */,
				515EF4091FB4BEC000D0FB10 /* Icon-App-76x76@3x.png */,
				515EF4181FB4C35400D0FB10 /* movieStart.png */,
				510F360B1FAFE062005E9F09 /* 11.png */,
				51D3DB301FAAA2D8005FCCBF /* 12.jpg */,
				51D3DB2E1FAAA24C005FCCBF /* 13.jpg */,
				51D3DB2B1FAAA16A005FCCBF /* 14.jpg */,
				510F360D1FAFE0F4005E9F09 /* 15.jpg */,
				510F35FE1FAFD2F1005E9F09 /* こう.jpg */,
				510F35FD1FAFD2F0005E9F09 /* 高橋.jpg */,
				510F35FC1FAFD2F0005E9F09 /* 坂下.jpg */,
				510F35FB1FAFD2EF005E9F09 /* 村越.jpg */,
				510F36041FAFDAA6005E9F09 /* 小泉.jpg */,
				51D3DB321FAAA8BF005FCCBF /* icons8-contract_job.png */,
				510F360F1FAFE7C4005E9F09 /* icons8-geography.png */,
				517B7D4C1FB266400013F850 /* icons8-more_than.png */,
				517B7D4D1FB2664C0013F850 /* icons8-less_than.png */,
				512113621FB4D699008D1928 /* icons8-start.png */,
				515EF4261FB4CA1400D0FB10 /* icons8-clover.png */,
				512113691FB4DB04008D1928 /* 0.png */,
				517B7D511FB2B4CF0013F850 /* 1.png */,
				512113681FB4DAB5008D1928 /* 2.png */,
				517B7D521FB2B4D90013F850 /* 3.png */,
				512113641FB4D80E008D1928 /* 00.png */,
				515EF41B1FB4C95400D0FB10 /* 01.png */,
				515EF41C1FB4C95500D0FB10 /* 02.png */,
				515EF41E1FB4C95700D0FB10 /* 03.png */,
				515EF41D1FB4C95600D0FB10 /* 04.png */,
				512113661FB4D828008D1928 /* 05.png */,
				51886CAC1FA8B7F1001EF5C9 /* AppDelegate.swift */,
				51886CAE1FA8B7F1001EF5C9 /* ViewController.swift */,
				51886CB01FA8B7F1001EF5C9 /* Main.storyboard */,
				51C359841FA9169300A177B8 /* SeizikaViewController.swift */,
				51C359941FA99C3200A177B8 /* Event0ViewController.swift */,
				51C3598C1FA99BEC00A177B8 /* Event1ViewController.swift */,
				517B7D4A1FB230D30013F850 /* answerListViewController.swift */,
				51C3598E1FA99C0800A177B8 /* Event2ViewController.swift */,
				51C359901FA99C1500A177B8 /* Event3ViewController.swift */,
				51F0E0041FB1DB8600666A99 /* scheduleViewController.swift */,
				51C359771FA8CC9000A177B8 /* rinenDetailVewController.swift */,
				51C359961FA9B5B300A177B8 /* movieDetailViewController.swift */,
				51C359981FA9B5C400A177B8 /* planDetailViewController.swift */,
				51D3DB3E1FAB20BD005FCCBF /* performDetailViewController.swift */,
				51D3DB401FAB42CA005FCCBF /* CommentViewController.swift */,
				51D3DB421FAB688A005FCCBF /* PostCommentViewController.swift */,
				51E8394D1FAF62710092CF99 /* QAViewController.swift */,
				51886CB31FA8B7F1001EF5C9 /* Assets.xcassets */,
				51886CB51FA8B7F1001EF5C9 /* LaunchScreen.storyboard */,
				51886CB81FA8B7F1001EF5C9 /* Info.plist */,
				51886CBE1FA8C760001EF5C9 /* GoogleService-Info.plist */,
			);
			path = polipoli;
			sourceTree = "<group>";
		};
		612D9DE2EAE163780764D711 /* Frameworks */ = {
			isa = PBXGroup;
			children = (
				51E8394F1FAF84200092CF99 /* WebKit.framework */,
				E4AD82C0D454B3C2D9332212 /* Pods_polipoli.framework */,
			);
			name = Frameworks;
			sourceTree = "<group>";
		};
		B06C302934E09B6156F1D55D /* Pods */ = {
			isa = PBXGroup;
			children = (
				E7EECEF11A68E34A24F3FA92 /* Pods-polipoli.debug.xcconfig */,
				210E519D092C01CE9ED5981E /* Pods-polipoli.release.xcconfig */,
			);
			name = Pods;
			sourceTree = "<group>";
		};
/* End PBXGroup section */

/* Begin PBXNativeTarget section */
		51886CA81FA8B7F1001EF5C9 /* polipoli */ = {
			isa = PBXNativeTarget;
			buildConfigurationList = 51886CBB1FA8B7F1001EF5C9 /* Build configuration list for PBXNativeTarget "polipoli" */;
			buildPhases = (
				4ECEC79DA1D107F8883C2280 /* [CP] Check Pods Manifest.lock */,
				51886CA51FA8B7F1001EF5C9 /* Sources */,
				51886CA61FA8B7F1001EF5C9 /* Frameworks */,
				51886CA71FA8B7F1001EF5C9 /* Resources */,
				8C97160D7A4EE8E6739D65A4 /* [CP] Embed Pods Frameworks */,
				3B8D99D55D8531C65018DE9B /* [CP] Copy Pods Resources */,
			);
			buildRules = (
			);
			dependencies = (
			);
			name = polipoli;
			productName = polipoli;
			productReference = 51886CA91FA8B7F1001EF5C9 /* polipoli.app */;
			productType = "com.apple.product-type.application";
		};
/* End PBXNativeTarget section */

/* Begin PBXProject section */
		51886CA11FA8B7F1001EF5C9 /* Project object */ = {
			isa = PBXProject;
			attributes = {
				LastSwiftUpdateCheck = 0900;
				LastUpgradeCheck = 0900;
				ORGANIZATIONNAME = polipoli;
				TargetAttributes = {
					51886CA81FA8B7F1001EF5C9 = {
						CreatedOnToolsVersion = 9.0;
					};
				};
			};
			buildConfigurationList = 51886CA41FA8B7F1001EF5C9 /* Build configuration list for PBXProject "polipoli" */;
			compatibilityVersion = "Xcode 8.0";
			developmentRegion = en;
			hasScannedForEncodings = 0;
			knownRegions = (
				en,
				Base,
			);
			mainGroup = 51886CA01FA8B7F1001EF5C9;
			productRefGroup = 51886CAA1FA8B7F1001EF5C9 /* Products */;
			projectDirPath = "";
			projectRoot = "";
			targets = (
				51886CA81FA8B7F1001EF5C9 /* polipoli */,
			);
		};
/* End PBXProject section */

/* Begin PBXResourcesBuildPhase section */
		51886CA71FA8B7F1001EF5C9 /* Resources */ = {
			isa = PBXResourcesBuildPhase;
			buildActionMask = 2147483647;
			files = (
				51D3DB3C1FAAABDC005FCCBF /* icons8-test_results.png in Resources */,
				51D3DB2F1FAAA24F005FCCBF /* 13.jpg in Resources */,
				512113631FB4D766008D1928 /* icons8-start.png in Resources */,
				51D3DB311FAAA2DC005FCCBF /* 12.jpg in Resources */,
				5121136B1FB4DB66008D1928 /* 2.png in Resources */,
				517B7D4F1FB266570013F850 /* icons8-less_than.png in Resources */,
				51D3DB3A1FAAABD5005FCCBF /* icons8-faq.png in Resources */,
				51886CB71FA8B7F1001EF5C9 /* LaunchScreen.storyboard in Resources */,
				510F36051FAFDAC4005E9F09 /* 小泉.jpg in Resources */,
				515EF40C1FB4C12200D0FB10 /* Icon-App-76x76@3x.png in Resources */,
				510F36001FAFD2FA005E9F09 /* 高橋.jpg in Resources */,
				512113671FB4D9CF008D1928 /* 05.png in Resources */,
				51D3DB2C1FAAA171005FCCBF /* 14.jpg in Resources */,
				51D3DB3D1FAAABDF005FCCBF /* icons8-weightlift.png in Resources */,
				51886CBF1FA8C794001EF5C9 /* GoogleService-Info.plist in Resources */,
				51D3DB331FAAA8C3005FCCBF /* icons8-contract_job.png in Resources */,
				512113611FB4D110008D1928 /* icons8-clover.png in Resources */,
				5121136A1FB4DB5C008D1928 /* 0.png in Resources */,
				51D3DB3B1FAAABD8005FCCBF /* icons8-movie.png in Resources */,
				51886CB41FA8B7F1001EF5C9 /* Assets.xcassets in Resources */,
				510F36031FAFD308005E9F09 /* 村越.jpg in Resources */,
				510F360E1FAFE110005E9F09 /* 15.jpg in Resources */,
				515EF4211FB4C97F00D0FB10 /* 01.png in Resources */,
				517B7D4E1FB266540013F850 /* icons8-more_than.png in Resources */,
				512113651FB4D81A008D1928 /* 00.png in Resources */,
				515EF4231FB4C98F00D0FB10 /* 03.png in Resources */,
				517B7D541FB2B4F10013F850 /* 1.png in Resources */,
				51886CB21FA8B7F1001EF5C9 /* Main.storyboard in Resources */,
				510F36101FAFE7D1005E9F09 /* icons8-geography.png in Resources */,
				51C2DA311FB0A03C004F6986 /* icons8-edit.png in Resources */,
				510F36011FAFD2FF005E9F09 /* 坂下.jpg in Resources */,
				517B7D551FB2B4F50013F850 /* 3.png in Resources */,
				51C65D101FAE8C420097003E /* icons8-talk.png in Resources */,
				51D3DB391FAAABD2005FCCBF /* icons8-hearts.png in Resources */,
				51C2DA331FB173EF004F6986 /* icons8-heart-outline.png in Resources */,
				510F360C1FAFE07E005E9F09 /* 11.png in Resources */,
				515EF4241FB4C99200D0FB10 /* 04.png in Resources */,
				510F35FF1FAFD2F7005E9F09 /* こう.jpg in Resources */,
				516A1C651FB33E8000ACD136 /* Info.plist in Resources */,
				515EF4191FB4C36100D0FB10 /* movieStart.png in Resources */,
				515EF4221FB4C98300D0FB10 /* 02.png in Resources */,
			);
			runOnlyForDeploymentPostprocessing = 0;
		};
/* End PBXResourcesBuildPhase section */

/* Begin PBXShellScriptBuildPhase section */
		3B8D99D55D8531C65018DE9B /* [CP] Copy Pods Resources */ = {
			isa = PBXShellScriptBuildPhase;
			buildActionMask = 2147483647;
			files = (
			);
			inputPaths = (
			);
			name = "[CP] Copy Pods Resources";
			outputPaths = (
			);
			runOnlyForDeploymentPostprocessing = 0;
			shellPath = /bin/sh;
			shellScript = "\"${SRCROOT}/Pods/Target Support Files/Pods-polipoli/Pods-polipoli-resources.sh\"\n";
			showEnvVarsInLog = 0;
		};
		4ECEC79DA1D107F8883C2280 /* [CP] Check Pods Manifest.lock */ = {
			isa = PBXShellScriptBuildPhase;
			buildActionMask = 2147483647;
			files = (
			);
			inputPaths = (
				"${PODS_PODFILE_DIR_PATH}/Podfile.lock",
				"${PODS_ROOT}/Manifest.lock",
			);
			name = "[CP] Check Pods Manifest.lock";
			outputPaths = (
				"$(DERIVED_FILE_DIR)/Pods-polipoli-checkManifestLockResult.txt",
			);
			runOnlyForDeploymentPostprocessing = 0;
			shellPath = /bin/sh;
			shellScript = "diff \"${PODS_PODFILE_DIR_PATH}/Podfile.lock\" \"${PODS_ROOT}/Manifest.lock\" > /dev/null\nif [ $? != 0 ] ; then\n    # print error to STDERR\n    echo \"error: The sandbox is not in sync with the Podfile.lock. Run 'pod install' or update your CocoaPods installation.\" >&2\n    exit 1\nfi\n# This output is used by Xcode 'outputs' to avoid re-running this script phase.\necho \"SUCCESS\" > \"${SCRIPT_OUTPUT_FILE_0}\"\n";
			showEnvVarsInLog = 0;
		};
		8C97160D7A4EE8E6739D65A4 /* [CP] Embed Pods Frameworks */ = {
			isa = PBXShellScriptBuildPhase;
			buildActionMask = 2147483647;
			files = (
			);
			inputPaths = (
				"${SRCROOT}/Pods/Target Support Files/Pods-polipoli/Pods-polipoli-frameworks.sh",
				"${BUILT_PRODUCTS_DIR}/GTMSessionFetcher/GTMSessionFetcher.framework",
				"${BUILT_PRODUCTS_DIR}/GoogleToolboxForMac/GoogleToolboxForMac.framework",
				"${BUILT_PRODUCTS_DIR}/leveldb-library/leveldb.framework",
				"${BUILT_PRODUCTS_DIR}/nanopb/nanopb.framework",
			);
			name = "[CP] Embed Pods Frameworks";
			outputPaths = (
				"${TARGET_BUILD_DIR}/${FRAMEWORKS_FOLDER_PATH}/GTMSessionFetcher.framework",
				"${TARGET_BUILD_DIR}/${FRAMEWORKS_FOLDER_PATH}/GoogleToolboxForMac.framework",
				"${TARGET_BUILD_DIR}/${FRAMEWORKS_FOLDER_PATH}/leveldb.framework",
				"${TARGET_BUILD_DIR}/${FRAMEWORKS_FOLDER_PATH}/nanopb.framework",
			);
			runOnlyForDeploymentPostprocessing = 0;
			shellPath = /bin/sh;
			shellScript = "\"${SRCROOT}/Pods/Target Support Files/Pods-polipoli/Pods-polipoli-frameworks.sh\"\n";
			showEnvVarsInLog = 0;
		};
/* End PBXShellScriptBuildPhase section */

/* Begin PBXSourcesBuildPhase section */
		51886CA51FA8B7F1001EF5C9 /* Sources */ = {
			isa = PBXSourcesBuildPhase;
			buildActionMask = 2147483647;
			files = (
				51C359781FA8CC9000A177B8 /* rinenDetailVewController.swift in Sources */,
				51C359991FA9B5C400A177B8 /* planDetailViewController.swift in Sources */,
				51E8394E1FAF62710092CF99 /* QAViewController.swift in Sources */,
				51C359851FA9169300A177B8 /* SeizikaViewController.swift in Sources */,
				517B7D4B1FB230D30013F850 /* answerListViewController.swift in Sources */,
				51886CAF1FA8B7F1001EF5C9 /* ViewController.swift in Sources */,
				51C3598D1FA99BEC00A177B8 /* Event1ViewController.swift in Sources */,
				51C3598F1FA99C0800A177B8 /* Event2ViewController.swift in Sources */,
				51D3DB3F1FAB20BE005FCCBF /* performDetailViewController.swift in Sources */,
				51C359951FA99C3200A177B8 /* Event0ViewController.swift in Sources */,
				51D3DB411FAB42CA005FCCBF /* CommentViewController.swift in Sources */,
				51C359911FA99C1500A177B8 /* Event3ViewController.swift in Sources */,
				51C359971FA9B5B300A177B8 /* movieDetailViewController.swift in Sources */,
				51886CAD1FA8B7F1001EF5C9 /* AppDelegate.swift in Sources */,
				51F0E0051FB1DB8600666A99 /* scheduleViewController.swift in Sources */,
				51D3DB431FAB688A005FCCBF /* PostCommentViewController.swift in Sources */,
			);
			runOnlyForDeploymentPostprocessing = 0;
		};
/* End PBXSourcesBuildPhase section */

/* Begin PBXVariantGroup section */
		51886CB01FA8B7F1001EF5C9 /* Main.storyboard */ = {
			isa = PBXVariantGroup;
			children = (
				51886CB11FA8B7F1001EF5C9 /* Base */,
			);
			name = Main.storyboard;
			sourceTree = "<group>";
		};
		51886CB51FA8B7F1001EF5C9 /* LaunchScreen.storyboard */ = {
			isa = PBXVariantGroup;
			children = (
				51886CB61FA8B7F1001EF5C9 /* Base */,
			);
			name = LaunchScreen.storyboard;
			sourceTree = "<group>";
		};
/* End PBXVariantGroup section */

/* Begin XCBuildConfiguration section */
		51886CB91FA8B7F1001EF5C9 /* Debug */ = {
			isa = XCBuildConfiguration;
			buildSettings = {
				ALWAYS_SEARCH_USER_PATHS = NO;
				CLANG_ANALYZER_NONNULL = YES;
				CLANG_ANALYZER_NUMBER_OBJECT_CONVERSION = YES_AGGRESSIVE;
				CLANG_CXX_LANGUAGE_STANDARD = "gnu++14";
				CLANG_CXX_LIBRARY = "libc++";
				CLANG_ENABLE_MODULES = YES;
				CLANG_ENABLE_OBJC_ARC = YES;
				CLANG_WARN_BLOCK_CAPTURE_AUTORELEASING = YES;
				CLANG_WARN_BOOL_CONVERSION = YES;
				CLANG_WARN_COMMA = YES;
				CLANG_WARN_CONSTANT_CONVERSION = YES;
				CLANG_WARN_DIRECT_OBJC_ISA_USAGE = YES_ERROR;
				CLANG_WARN_DOCUMENTATION_COMMENTS = YES;
				CLANG_WARN_EMPTY_BODY = YES;
				CLANG_WARN_ENUM_CONVERSION = YES;
				CLANG_WARN_INFINITE_RECURSION = YES;
				CLANG_WARN_INT_CONVERSION = YES;
				CLANG_WARN_NON_LITERAL_NULL_CONVERSION = YES;
				CLANG_WARN_OBJC_LITERAL_CONVERSION = YES;
				CLANG_WARN_OBJC_ROOT_CLASS = YES_ERROR;
				CLANG_WARN_RANGE_LOOP_ANALYSIS = YES;
				CLANG_WARN_STRICT_PROTOTYPES = YES;
				CLANG_WARN_SUSPICIOUS_MOVE = YES;
				CLANG_WARN_UNGUARDED_AVAILABILITY = YES_AGGRESSIVE;
				CLANG_WARN_UNREACHABLE_CODE = YES;
				CLANG_WARN__DUPLICATE_METHOD_MATCH = YES;
				CODE_SIGN_IDENTITY = "iPhone Developer";
				COPY_PHASE_STRIP = NO;
				DEBUG_INFORMATION_FORMAT = dwarf;
				ENABLE_STRICT_OBJC_MSGSEND = YES;
				ENABLE_TESTABILITY = YES;
				GCC_C_LANGUAGE_STANDARD = gnu11;
				GCC_DYNAMIC_NO_PIC = NO;
				GCC_NO_COMMON_BLOCKS = YES;
				GCC_OPTIMIZATION_LEVEL = 0;
				GCC_PREPROCESSOR_DEFINITIONS = (
					"DEBUG=1",
					"$(inherited)",
				);
				GCC_WARN_64_TO_32_BIT_CONVERSION = YES;
				GCC_WARN_ABOUT_RETURN_TYPE = YES_ERROR;
				GCC_WARN_UNDECLARED_SELECTOR = YES;
				GCC_WARN_UNINITIALIZED_AUTOS = YES_AGGRESSIVE;
				GCC_WARN_UNUSED_FUNCTION = YES;
				GCC_WARN_UNUSED_VARIABLE = YES;
				IPHONEOS_DEPLOYMENT_TARGET = 11.0;
				MTL_ENABLE_DEBUG_INFO = YES;
				ONLY_ACTIVE_ARCH = YES;
				SDKROOT = iphoneos;
				SWIFT_ACTIVE_COMPILATION_CONDITIONS = DEBUG;
				SWIFT_OPTIMIZATION_LEVEL = "-Onone";
			};
			name = Debug;
		};
		51886CBA1FA8B7F1001EF5C9 /* Release */ = {
			isa = XCBuildConfiguration;
			buildSettings = {
				ALWAYS_SEARCH_USER_PATHS = NO;
				CLANG_ANALYZER_NONNULL = YES;
				CLANG_ANALYZER_NUMBER_OBJECT_CONVERSION = YES_AGGRESSIVE;
				CLANG_CXX_LANGUAGE_STANDARD = "gnu++14";
				CLANG_CXX_LIBRARY = "libc++";
				CLANG_ENABLE_MODULES = YES;
				CLANG_ENABLE_OBJC_ARC = YES;
				CLANG_WARN_BLOCK_CAPTURE_AUTORELEASING = YES;
				CLANG_WARN_BOOL_CONVERSION = YES;
				CLANG_WARN_COMMA = YES;
				CLANG_WARN_CONSTANT_CONVERSION = YES;
				CLANG_WARN_DIRECT_OBJC_ISA_USAGE = YES_ERROR;
				CLANG_WARN_DOCUMENTATION_COMMENTS = YES;
				CLANG_WARN_EMPTY_BODY = YES;
				CLANG_WARN_ENUM_CONVERSION = YES;
				CLANG_WARN_INFINITE_RECURSION = YES;
				CLANG_WARN_INT_CONVERSION = YES;
				CLANG_WARN_NON_LITERAL_NULL_CONVERSION = YES;
				CLANG_WARN_OBJC_LITERAL_CONVERSION = YES;
				CLANG_WARN_OBJC_ROOT_CLASS = YES_ERROR;
				CLANG_WARN_RANGE_LOOP_ANALYSIS = YES;
				CLANG_WARN_STRICT_PROTOTYPES = YES;
				CLANG_WARN_SUSPICIOUS_MOVE = YES;
				CLANG_WARN_UNGUARDED_AVAILABILITY = YES_AGGRESSIVE;
				CLANG_WARN_UNREACHABLE_CODE = YES;
				CLANG_WARN__DUPLICATE_METHOD_MATCH = YES;
				CODE_SIGN_IDENTITY = "iPhone Developer";
				COPY_PHASE_STRIP = NO;
				DEBUG_INFORMATION_FORMAT = "dwarf-with-dsym";
				ENABLE_NS_ASSERTIONS = NO;
				ENABLE_STRICT_OBJC_MSGSEND = YES;
				GCC_C_LANGUAGE_STANDARD = gnu11;
				GCC_NO_COMMON_BLOCKS = YES;
				GCC_WARN_64_TO_32_BIT_CONVERSION = YES;
				GCC_WARN_ABOUT_RETURN_TYPE = YES_ERROR;
				GCC_WARN_UNDECLARED_SELECTOR = YES;
				GCC_WARN_UNINITIALIZED_AUTOS = YES_AGGRESSIVE;
				GCC_WARN_UNUSED_FUNCTION = YES;
				GCC_WARN_UNUSED_VARIABLE = YES;
				IPHONEOS_DEPLOYMENT_TARGET = 11.0;
				MTL_ENABLE_DEBUG_INFO = NO;
				SDKROOT = iphoneos;
				SWIFT_OPTIMIZATION_LEVEL = "-Owholemodule";
				VALIDATE_PRODUCT = YES;
			};
			name = Release;
		};
		51886CBC1FA8B7F1001EF5C9 /* Debug */ = {
			isa = XCBuildConfiguration;
			baseConfigurationReference = E7EECEF11A68E34A24F3FA92 /* Pods-polipoli.debug.xcconfig */;
			buildSettings = {
				ASSETCATALOG_COMPILER_APPICON_NAME = AppIcon;
				DEVELOPMENT_TEAM = 8KHQ56KMFP;
				INFOPLIST_FILE = polipoli/Info.plist;
				LD_RUNPATH_SEARCH_PATHS = "$(inherited) @executable_path/Frameworks";
				PRODUCT_BUNDLE_IDENTIFIER = com.polipoli.polipoli;
				PRODUCT_NAME = "$(TARGET_NAME)";
				SWIFT_VERSION = 4.0;
				TARGETED_DEVICE_FAMILY = "1,2";
			};
			name = Debug;
		};
		51886CBD1FA8B7F1001EF5C9 /* Release */ = {
			isa = XCBuildConfiguration;
			baseConfigurationReference = 210E519D092C01CE9ED5981E /* Pods-polipoli.release.xcconfig */;
			buildSettings = {
				ASSETCATALOG_COMPILER_APPICON_NAME = AppIcon;
				DEVELOPMENT_TEAM = 8KHQ56KMFP;
				INFOPLIST_FILE = polipoli/Info.plist;
				LD_RUNPATH_SEARCH_PATHS = "$(inherited) @executable_path/Frameworks";
				PRODUCT_BUNDLE_IDENTIFIER = com.polipoli.polipoli;
				PRODUCT_NAME = "$(TARGET_NAME)";
				SWIFT_VERSION = 4.0;
				TARGETED_DEVICE_FAMILY = "1,2";
			};
			name = Release;
		};
/* End XCBuildConfiguration section */

/* Begin XCConfigurationList section */
		51886CA41FA8B7F1001EF5C9 /* Build configuration list for PBXProject "polipoli" */ = {
			isa = XCConfigurationList;
			buildConfigurations = (
				51886CB91FA8B7F1001EF5C9 /* Debug */,
				51886CBA1FA8B7F1001EF5C9 /* Release */,
			);
			defaultConfigurationIsVisible = 0;
			defaultConfigurationName = Release;
		};
		51886CBB1FA8B7F1001EF5C9 /* Build configuration list for PBXNativeTarget "polipoli" */ = {
			isa = XCConfigurationList;
			buildConfigurations = (
				51886CBC1FA8B7F1001EF5C9 /* Debug */,
				51886CBD1FA8B7F1001EF5C9 /* Release */,
			);
			defaultConfigurationIsVisible = 0;
			defaultConfigurationName = Release;
		};
/* End XCConfigurationList section */
	};
	rootObject = 51886CA11FA8B7F1001EF5C9 /* Project object */;
}
