// !$*UTF8*$!
{
	archiveVersion = 1;
	classes = {
	};
	objectVersion = 48;
	objects = {

/* Begin PBXBuildFile section */
		395A45EBCA14935D2D22BCFD /* Pods_polipoli.framework in Frameworks */ = {isa = PBXBuildFile; fileRef = E4AD82C0D454B3C2D9332212 /* Pods_polipoli.framework */; };
		51886CAD1FA8B7F1001EF5C9 /* AppDelegate.swift in Sources */ = {isa = PBXBuildFile; fileRef = 51886CAC1FA8B7F1001EF5C9 /* AppDelegate.swift */; };
		51886CAF1FA8B7F1001EF5C9 /* ViewController.swift in Sources */ = {isa = PBXBuildFile; fileRef = 51886CAE1FA8B7F1001EF5C9 /* ViewController.swift */; };
		51886CB21FA8B7F1001EF5C9 /* Main.storyboard in Resources */ = {isa = PBXBuildFile; fileRef = 51886CB01FA8B7F1001EF5C9 /* Main.storyboard */; };
		51886CB41FA8B7F1001EF5C9 /* Assets.xcassets in Resources */ = {isa = PBXBuildFile; fileRef = 51886CB31FA8B7F1001EF5C9 /* Assets.xcassets */; };
		51886CB71FA8B7F1001EF5C9 /* LaunchScreen.storyboard in Resources */ = {isa = PBXBuildFile; fileRef = 51886CB51FA8B7F1001EF5C9 /* LaunchScreen.storyboard */; };
		51886CBF1FA8C794001EF5C9 /* GoogleService-Info.plist in Resources */ = {isa = PBXBuildFile; fileRef = 51886CBE1FA8C760001EF5C9 /* GoogleService-Info.plist */; };
		51C359781FA8CC9000A177B8 /* Detail1VewController.swift in Sources */ = {isa = PBXBuildFile; fileRef = 51C359771FA8CC9000A177B8 /* Detail1VewController.swift */; };
		51C359831FA9159E00A177B8 /* icons8-like.png in Resources */ = {isa = PBXBuildFile; fileRef = 51C359821FA9159600A177B8 /* icons8-like.png */; };
		51C359851FA9169300A177B8 /* SeizikaViewController.swift in Sources */ = {isa = PBXBuildFile; fileRef = 51C359841FA9169300A177B8 /* SeizikaViewController.swift */; };
		51C359891FA919E300A177B8 /* icons8-movie.png in Resources */ = {isa = PBXBuildFile; fileRef = 51C359861FA919CB00A177B8 /* icons8-movie.png */; };
		51C3598A1FA919E600A177B8 /* icons8-test_results.png in Resources */ = {isa = PBXBuildFile; fileRef = 51C359871FA919CC00A177B8 /* icons8-test_results.png */; };
		51C3598B1FA919EA00A177B8 /* icons8-weightlift.png in Resources */ = {isa = PBXBuildFile; fileRef = 51C359881FA919CC00A177B8 /* icons8-weightlift.png */; };
		51C3598D1FA99BEC00A177B8 /* Event1ViewController.swift in Sources */ = {isa = PBXBuildFile; fileRef = 51C3598C1FA99BEC00A177B8 /* Event1ViewController.swift */; };
		51C3598F1FA99C0800A177B8 /* Event2ViewController.swift in Sources */ = {isa = PBXBuildFile; fileRef = 51C3598E1FA99C0800A177B8 /* Event2ViewController.swift */; };
		51C359911FA99C1500A177B8 /* Event3ViewController.swift in Sources */ = {isa = PBXBuildFile; fileRef = 51C359901FA99C1500A177B8 /* Event3ViewController.swift */; };
		51C359931FA99C1C00A177B8 /* Event4ViewController.swift in Sources */ = {isa = PBXBuildFile; fileRef = 51C359921FA99C1C00A177B8 /* Event4ViewController.swift */; };
		51C359951FA99C3200A177B8 /* Event0ViewController.swift in Sources */ = {isa = PBXBuildFile; fileRef = 51C359941FA99C3200A177B8 /* Event0ViewController.swift */; };
		51C359971FA9B5B300A177B8 /* Detail2ViewController.swift in Sources */ = {isa = PBXBuildFile; fileRef = 51C359961FA9B5B300A177B8 /* Detail2ViewController.swift */; };
		51C359991FA9B5C400A177B8 /* Detail3ViewController.swift in Sources */ = {isa = PBXBuildFile; fileRef = 51C359981FA9B5C400A177B8 /* Detail3ViewController.swift */; };
		51C359A21FA9CB8C00A177B8 /* LoginViewController.swift in Resources */ = {isa = PBXBuildFile; fileRef = 51C359A11FA9CB8C00A177B8 /* LoginViewController.swift */; };
/* End PBXBuildFile section */

/* Begin PBXFileReference section */
		210E519D092C01CE9ED5981E /* Pods-polipoli.release.xcconfig */ = {isa = PBXFileReference; includeInIndex = 1; lastKnownFileType = text.xcconfig; name = "Pods-polipoli.release.xcconfig"; path = "Pods/Target Support Files/Pods-polipoli/Pods-polipoli.release.xcconfig"; sourceTree = "<group>"; };
		51886CA91FA8B7F1001EF5C9 /* polipoli.app */ = {isa = PBXFileReference; explicitFileType = wrapper.application; includeInIndex = 0; path = polipoli.app; sourceTree = BUILT_PRODUCTS_DIR; };
		51886CAC1FA8B7F1001EF5C9 /* AppDelegate.swift */ = {isa = PBXFileReference; lastKnownFileType = sourcecode.swift; path = AppDelegate.swift; sourceTree = "<group>"; };
		51886CAE1FA8B7F1001EF5C9 /* ViewController.swift */ = {isa = PBXFileReference; lastKnownFileType = sourcecode.swift; path = ViewController.swift; sourceTree = "<group>"; };
		51886CB11FA8B7F1001EF5C9 /* Base */ = {isa = PBXFileReference; lastKnownFileType = file.storyboard; name = Base; path = Base.lproj/Main.storyboard; sourceTree = "<group>"; };
		51886CB31FA8B7F1001EF5C9 /* Assets.xcassets */ = {isa = PBXFileReference; lastKnownFileType = folder.assetcatalog; path = Assets.xcassets; sourceTree = "<group>"; };
		51886CB61FA8B7F1001EF5C9 /* Base */ = {isa = PBXFileReference; lastKnownFileType = file.storyboard; name = Base; path = Base.lproj/LaunchScreen.storyboard; sourceTree = "<group>"; };
		51886CB81FA8B7F1001EF5C9 /* Info.plist */ = {isa = PBXFileReference; lastKnownFileType = text.plist.xml; path = Info.plist; sourceTree = "<group>"; };
		51886CBE1FA8C760001EF5C9 /* GoogleService-Info.plist */ = {isa = PBXFileReference; lastKnownFileType = text.plist.xml; path = "GoogleService-Info.plist"; sourceTree = "<group>"; };
		51C359771FA8CC9000A177B8 /* Detail1VewController.swift */ = {isa = PBXFileReference; lastKnownFileType = sourcecode.swift; path = Detail1VewController.swift; sourceTree = "<group>"; };
		51C3597E1FA9010400A177B8 /* 11.jpg */ = {isa = PBXFileReference; lastKnownFileType = image.jpeg; path = 11.jpg; sourceTree = "<group>"; };
		51C3597F1FA9010400A177B8 /* 12.jpg */ = {isa = PBXFileReference; lastKnownFileType = image.jpeg; path = 12.jpg; sourceTree = "<group>"; };
		51C359801FA9010400A177B8 /* 14.jpg */ = {isa = PBXFileReference; lastKnownFileType = image.jpeg; path = 14.jpg; sourceTree = "<group>"; };
		51C359811FA9010500A177B8 /* 13.jpg */ = {isa = PBXFileReference; lastKnownFileType = image.jpeg; path = 13.jpg; sourceTree = "<group>"; };
		51C359821FA9159600A177B8 /* icons8-like.png */ = {isa = PBXFileReference; lastKnownFileType = image.png; path = "icons8-like.png"; sourceTree = "<group>"; };
		51C359841FA9169300A177B8 /* SeizikaViewController.swift */ = {isa = PBXFileReference; lastKnownFileType = sourcecode.swift; path = SeizikaViewController.swift; sourceTree = "<group>"; };
		51C359861FA919CB00A177B8 /* icons8-movie.png */ = {isa = PBXFileReference; lastKnownFileType = image.png; path = "icons8-movie.png"; sourceTree = "<group>"; };
		51C359871FA919CC00A177B8 /* icons8-test_results.png */ = {isa = PBXFileReference; lastKnownFileType = image.png; path = "icons8-test_results.png"; sourceTree = "<group>"; };
		51C359881FA919CC00A177B8 /* icons8-weightlift.png */ = {isa = PBXFileReference; lastKnownFileType = image.png; path = "icons8-weightlift.png"; sourceTree = "<group>"; };
		51C3598C1FA99BEC00A177B8 /* Event1ViewController.swift */ = {isa = PBXFileReference; lastKnownFileType = sourcecode.swift; path = Event1ViewController.swift; sourceTree = "<group>"; };
		51C3598E1FA99C0800A177B8 /* Event2ViewController.swift */ = {isa = PBXFileReference; lastKnownFileType = sourcecode.swift; path = Event2ViewController.swift; sourceTree = "<group>"; };
		51C359901FA99C1500A177B8 /* Event3ViewController.swift */ = {isa = PBXFileReference; lastKnownFileType = sourcecode.swift; path = Event3ViewController.swift; sourceTree = "<group>"; };
		51C359921FA99C1C00A177B8 /* Event4ViewController.swift */ = {isa = PBXFileReference; lastKnownFileType = sourcecode.swift; path = Event4ViewController.swift; sourceTree = "<group>"; };
		51C359941FA99C3200A177B8 /* Event0ViewController.swift */ = {isa = PBXFileReference; lastKnownFileType = sourcecode.swift; path = Event0ViewController.swift; sourceTree = "<group>"; };
		51C359961FA9B5B300A177B8 /* Detail2ViewController.swift */ = {isa = PBXFileReference; lastKnownFileType = sourcecode.swift; path = Detail2ViewController.swift; sourceTree = "<group>"; };
		51C359981FA9B5C400A177B8 /* Detail3ViewController.swift */ = {isa = PBXFileReference; lastKnownFileType = sourcecode.swift; path = Detail3ViewController.swift; sourceTree = "<group>"; };
		51C3599A1FA9BCD800A177B8 /* 3.jpg */ = {isa = PBXFileReference; lastKnownFileType = image.jpeg; path = 3.jpg; sourceTree = "<group>"; };
		51C3599B1FA9BCD800A177B8 /* 1.jpg */ = {isa = PBXFileReference; lastKnownFileType = image.jpeg; path = 1.jpg; sourceTree = "<group>"; };
		51C3599C1FA9BCD900A177B8 /* 0.jpg */ = {isa = PBXFileReference; lastKnownFileType = image.jpeg; path = 0.jpg; sourceTree = "<group>"; };
		51C3599D1FA9BCD900A177B8 /* 2.jpg */ = {isa = PBXFileReference; lastKnownFileType = image.jpeg; path = 2.jpg; sourceTree = "<group>"; };
		51C3599E1FA9BCDA00A177B8 /* 4.jpg */ = {isa = PBXFileReference; lastKnownFileType = image.jpeg; path = 4.jpg; sourceTree = "<group>"; };
		51C359A11FA9CB8C00A177B8 /* LoginViewController.swift */ = {isa = PBXFileReference; lastKnownFileType = sourcecode.swift; name = LoginViewController.swift; path = /Users/shintaro/Dropbox/polipoli/polipoli/LoginViewController.swift; sourceTree = "<absolute>"; };
		E4AD82C0D454B3C2D9332212 /* Pods_polipoli.framework */ = {isa = PBXFileReference; explicitFileType = wrapper.framework; includeInIndex = 0; path = Pods_polipoli.framework; sourceTree = BUILT_PRODUCTS_DIR; };
		E7EECEF11A68E34A24F3FA92 /* Pods-polipoli.debug.xcconfig */ = {isa = PBXFileReference; includeInIndex = 1; lastKnownFileType = text.xcconfig; name = "Pods-polipoli.debug.xcconfig"; path = "Pods/Target Support Files/Pods-polipoli/Pods-polipoli.debug.xcconfig"; sourceTree = "<group>"; };
/* End PBXFileReference section */

/* Begin PBXFrameworksBuildPhase section */
		51886CA61FA8B7F1001EF5C9 /* Frameworks */ = {
			isa = PBXFrameworksBuildPhase;
			buildActionMask = 2147483647;
			files = (
				395A45EBCA14935D2D22BCFD /* Pods_polipoli.framework in Frameworks */,
			);
			runOnlyForDeploymentPostprocessing = 0;
		};
/* End PBXFrameworksBuildPhase section */

/* Begin PBXGroup section */
		51886CA01FA8B7F1001EF5C9 = {
			isa = PBXGroup;
			children = (
				51886CAB1FA8B7F1001EF5C9 /* polipoli */,
				51886CAA1FA8B7F1001EF5C9 /* Products */,
				B06C302934E09B6156F1D55D /* Pods */,
				612D9DE2EAE163780764D711 /* Frameworks */,
			);
			sourceTree = "<group>";
		};
		51886CAA1FA8B7F1001EF5C9 /* Products */ = {
			isa = PBXGroup;
			children = (
				51886CA91FA8B7F1001EF5C9 /* polipoli.app */,
			);
			name = Products;
			sourceTree = "<group>";
		};
		51886CAB1FA8B7F1001EF5C9 /* polipoli */ = {
			isa = PBXGroup;
			children = (
				51C359861FA919CB00A177B8 /* icons8-movie.png */,
				51C359871FA919CC00A177B8 /* icons8-test_results.png */,
				51C359881FA919CC00A177B8 /* icons8-weightlift.png */,
				51C3599C1FA9BCD900A177B8 /* 0.jpg */,
				51C3599B1FA9BCD800A177B8 /* 1.jpg */,
				51C3599D1FA9BCD900A177B8 /* 2.jpg */,
				51C3599A1FA9BCD800A177B8 /* 3.jpg */,
				51C3599E1FA9BCDA00A177B8 /* 4.jpg */,
				51C3597E1FA9010400A177B8 /* 11.jpg */,
				51C3597F1FA9010400A177B8 /* 12.jpg */,
				51C359811FA9010500A177B8 /* 13.jpg */,
				51C359801FA9010400A177B8 /* 14.jpg */,
				51C359821FA9159600A177B8 /* icons8-like.png */,
				51886CAC1FA8B7F1001EF5C9 /* AppDelegate.swift */,
				51886CAE1FA8B7F1001EF5C9 /* ViewController.swift */,
				51886CB01FA8B7F1001EF5C9 /* Main.storyboard */,
				51C359841FA9169300A177B8 /* SeizikaViewController.swift */,
				51C359941FA99C3200A177B8 /* Event0ViewController.swift */,
				51C3598C1FA99BEC00A177B8 /* Event1ViewController.swift */,
				51C3598E1FA99C0800A177B8 /* Event2ViewController.swift */,
				51C359901FA99C1500A177B8 /* Event3ViewController.swift */,
				51C359921FA99C1C00A177B8 /* Event4ViewController.swift */,
				51C359771FA8CC9000A177B8 /* Detail1VewController.swift */,
				51C359961FA9B5B300A177B8 /* Detail2ViewController.swift */,
				51C359981FA9B5C400A177B8 /* Detail3ViewController.swift */,
				51C359A11FA9CB8C00A177B8 /* LoginViewController.swift */,
				51886CB31FA8B7F1001EF5C9 /* Assets.xcassets */,
				51886CB51FA8B7F1001EF5C9 /* LaunchScreen.storyboard */,
				51886CB81FA8B7F1001EF5C9 /* Info.plist */,
				51886CBE1FA8C760001EF5C9 /* GoogleService-Info.plist */,
			);
			path = polipoli;
			sourceTree = "<group>";
		};
		612D9DE2EAE163780764D711 /* Frameworks */ = {
			isa = PBXGroup;
			children = (
				E4AD82C0D454B3C2D9332212 /* Pods_polipoli.framework */,
			);
			name = Frameworks;
			sourceTree = "<group>";
		};
		B06C302934E09B6156F1D55D /* Pods */ = {
			isa = PBXGroup;
			children = (
				E7EECEF11A68E34A24F3FA92 /* Pods-polipoli.debug.xcconfig */,
				210E519D092C01CE9ED5981E /* Pods-polipoli.release.xcconfig */,
			);
			name = Pods;
			sourceTree = "<group>";
		};
/* End PBXGroup section */

/* Begin PBXNativeTarget section */
		51886CA81FA8B7F1001EF5C9 /* polipoli */ = {
			isa = PBXNativeTarget;
			buildConfigurationList = 51886CBB1FA8B7F1001EF5C9 /* Build configuration list for PBXNativeTarget "polipoli" */;
			buildPhases = (
				4ECEC79DA1D107F8883C2280 /* [CP] Check Pods Manifest.lock */,
				51886CA51FA8B7F1001EF5C9 /* Sources */,
				51886CA61FA8B7F1001EF5C9 /* Frameworks */,
				51886CA71FA8B7F1001EF5C9 /* Resources */,
				8C97160D7A4EE8E6739D65A4 /* [CP] Embed Pods Frameworks */,
				3B8D99D55D8531C65018DE9B /* [CP] Copy Pods Resources */,
			);
			buildRules = (
			);
			dependencies = (
			);
			name = polipoli;
			productName = polipoli;
			productReference = 51886CA91FA8B7F1001EF5C9 /* polipoli.app */;
			productType = "com.apple.product-type.application";
		};
/* End PBXNativeTarget section */

/* Begin PBXProject section */
		51886CA11FA8B7F1001EF5C9 /* Project object */ = {
			isa = PBXProject;
			attributes = {
				LastSwiftUpdateCheck = 0900;
				LastUpgradeCheck = 0900;
				ORGANIZATIONNAME = polipoli;
				TargetAttributes = {
					51886CA81FA8B7F1001EF5C9 = {
						CreatedOnToolsVersion = 9.0;
					};
				};
			};
			buildConfigurationList = 51886CA41FA8B7F1001EF5C9 /* Build configuration list for PBXProject "polipoli" */;
			compatibilityVersion = "Xcode 8.0";
			developmentRegion = en;
			hasScannedForEncodings = 0;
			knownRegions = (
				en,
				Base,
			);
			mainGroup = 51886CA01FA8B7F1001EF5C9;
			productRefGroup = 51886CAA1FA8B7F1001EF5C9 /* Products */;
			projectDirPath = "";
			projectRoot = "";
			targets = (
				51886CA81FA8B7F1001EF5C9 /* polipoli */,
			);
		};
/* End PBXProject section */

/* Begin PBXResourcesBuildPhase section */
		51886CA71FA8B7F1001EF5C9 /* Resources */ = {
			isa = PBXResourcesBuildPhase;
			buildActionMask = 2147483647;
			files = (
				51C359A21FA9CB8C00A177B8 /* LoginViewController.swift in Resources */,
				51C3598B1FA919EA00A177B8 /* icons8-weightlift.png in Resources */,
				51C3598A1FA919E600A177B8 /* icons8-test_results.png in Resources */,
				51C359891FA919E300A177B8 /* icons8-movie.png in Resources */,
				51886CB71FA8B7F1001EF5C9 /* LaunchScreen.storyboard in Resources */,
				51C359831FA9159E00A177B8 /* icons8-like.png in Resources */,
				51886CBF1FA8C794001EF5C9 /* GoogleService-Info.plist in Resources */,
				51886CB41FA8B7F1001EF5C9 /* Assets.xcassets in Resources */,
				51886CB21FA8B7F1001EF5C9 /* Main.storyboard in Resources */,
			);
			runOnlyForDeploymentPostprocessing = 0;
		};
/* End PBXResourcesBuildPhase section */

/* Begin PBXShellScriptBuildPhase section */
		3B8D99D55D8531C65018DE9B /* [CP] Copy Pods Resources */ = {
			isa = PBXShellScriptBuildPhase;
			buildActionMask = 2147483647;
			files = (
			);
			inputPaths = (
			);
			name = "[CP] Copy Pods Resources";
			outputPaths = (
			);
			runOnlyForDeploymentPostprocessing = 0;
			shellPath = /bin/sh;
			shellScript = "\"${SRCROOT}/Pods/Target Support Files/Pods-polipoli/Pods-polipoli-resources.sh\"\n";
			showEnvVarsInLog = 0;
		};
		4ECEC79DA1D107F8883C2280 /* [CP] Check Pods Manifest.lock */ = {
			isa = PBXShellScriptBuildPhase;
			buildActionMask = 2147483647;
			files = (
			);
			inputPaths = (
				"${PODS_PODFILE_DIR_PATH}/Podfile.lock",
				"${PODS_ROOT}/Manifest.lock",
			);
			name = "[CP] Check Pods Manifest.lock";
			outputPaths = (
				"$(DERIVED_FILE_DIR)/Pods-polipoli-checkManifestLockResult.txt",
			);
			runOnlyForDeploymentPostprocessing = 0;
			shellPath = /bin/sh;
			shellScript = "diff \"${PODS_PODFILE_DIR_PATH}/Podfile.lock\" \"${PODS_ROOT}/Manifest.lock\" > /dev/null\nif [ $? != 0 ] ; then\n    # print error to STDERR\n    echo \"error: The sandbox is not in sync with the Podfile.lock. Run 'pod install' or update your CocoaPods installation.\" >&2\n    exit 1\nfi\n# This output is used by Xcode 'outputs' to avoid re-running this script phase.\necho \"SUCCESS\" > \"${SCRIPT_OUTPUT_FILE_0}\"\n";
			showEnvVarsInLog = 0;
		};
		8C97160D7A4EE8E6739D65A4 /* [CP] Embed Pods Frameworks */ = {
			isa = PBXShellScriptBuildPhase;
			buildActionMask = 2147483647;
			files = (
			);
			inputPaths = (
				"${SRCROOT}/Pods/Target Support Files/Pods-polipoli/Pods-polipoli-frameworks.sh",
				"${BUILT_PRODUCTS_DIR}/GTMSessionFetcher/GTMSessionFetcher.framework",
				"${BUILT_PRODUCTS_DIR}/GoogleToolboxForMac/GoogleToolboxForMac.framework",
				"${BUILT_PRODUCTS_DIR}/leveldb-library/leveldb.framework",
				"${BUILT_PRODUCTS_DIR}/nanopb/nanopb.framework",
			);
			name = "[CP] Embed Pods Frameworks";
			outputPaths = (
				"${TARGET_BUILD_DIR}/${FRAMEWORKS_FOLDER_PATH}/GTMSessionFetcher.framework",
				"${TARGET_BUILD_DIR}/${FRAMEWORKS_FOLDER_PATH}/GoogleToolboxForMac.framework",
				"${TARGET_BUILD_DIR}/${FRAMEWORKS_FOLDER_PATH}/leveldb.framework",
				"${TARGET_BUILD_DIR}/${FRAMEWORKS_FOLDER_PATH}/nanopb.framework",
			);
			runOnlyForDeploymentPostprocessing = 0;
			shellPath = /bin/sh;
			shellScript = "\"${SRCROOT}/Pods/Target Support Files/Pods-polipoli/Pods-polipoli-frameworks.sh\"\n";
			showEnvVarsInLog = 0;
		};
/* End PBXShellScriptBuildPhase section */

/* Begin PBXSourcesBuildPhase section */
		51886CA51FA8B7F1001EF5C9 /* Sources */ = {
			isa = PBXSourcesBuildPhase;
			buildActionMask = 2147483647;
			files = (
				51C359781FA8CC9000A177B8 /* Detail1VewController.swift in Sources */,
				51C359991FA9B5C400A177B8 /* Detail3ViewController.swift in Sources */,
				51C359851FA9169300A177B8 /* SeizikaViewController.swift in Sources */,
				51C359931FA99C1C00A177B8 /* Event4ViewController.swift in Sources */,
				51886CAF1FA8B7F1001EF5C9 /* ViewController.swift in Sources */,
				51C3598D1FA99BEC00A177B8 /* Event1ViewController.swift in Sources */,
				51C3598F1FA99C0800A177B8 /* Event2ViewController.swift in Sources */,
				51C359951FA99C3200A177B8 /* Event0ViewController.swift in Sources */,
				51C359911FA99C1500A177B8 /* Event3ViewController.swift in Sources */,
				51C359971FA9B5B300A177B8 /* Detail2ViewController.swift in Sources */,
				51886CAD1FA8B7F1001EF5C9 /* AppDelegate.swift in Sources */,
			);
			runOnlyForDeploymentPostprocessing = 0;
		};
/* End PBXSourcesBuildPhase section */

/* Begin PBXVariantGroup section */
		51886CB01FA8B7F1001EF5C9 /* Main.storyboard */ = {
			isa = PBXVariantGroup;
			children = (
				51886CB11FA8B7F1001EF5C9 /* Base */,
			);
			name = Main.storyboard;
			sourceTree = "<group>";
		};
		51886CB51FA8B7F1001EF5C9 /* LaunchScreen.storyboard */ = {
			isa = PBXVariantGroup;
			children = (
				51886CB61FA8B7F1001EF5C9 /* Base */,
			);
			name = LaunchScreen.storyboard;
			sourceTree = "<group>";
		};
/* End PBXVariantGroup section */

/* Begin XCBuildConfiguration section */
		51886CB91FA8B7F1001EF5C9 /* Debug */ = {
			isa = XCBuildConfiguration;
			buildSettings = {
				ALWAYS_SEARCH_USER_PATHS = NO;
				CLANG_ANALYZER_NONNULL = YES;
				CLANG_ANALYZER_NUMBER_OBJECT_CONVERSION = YES_AGGRESSIVE;
				CLANG_CXX_LANGUAGE_STANDARD = "gnu++14";
				CLANG_CXX_LIBRARY = "libc++";
				CLANG_ENABLE_MODULES = YES;
				CLANG_ENABLE_OBJC_ARC = YES;
				CLANG_WARN_BLOCK_CAPTURE_AUTORELEASING = YES;
				CLANG_WARN_BOOL_CONVERSION = YES;
				CLANG_WARN_COMMA = YES;
				CLANG_WARN_CONSTANT_CONVERSION = YES;
				CLANG_WARN_DIRECT_OBJC_ISA_USAGE = YES_ERROR;
				CLANG_WARN_DOCUMENTATION_COMMENTS = YES;
				CLANG_WARN_EMPTY_BODY = YES;
				CLANG_WARN_ENUM_CONVERSION = YES;
				CLANG_WARN_INFINITE_RECURSION = YES;
				CLANG_WARN_INT_CONVERSION = YES;
				CLANG_WARN_NON_LITERAL_NULL_CONVERSION = YES;
				CLANG_WARN_OBJC_LITERAL_CONVERSION = YES;
				CLANG_WARN_OBJC_ROOT_CLASS = YES_ERROR;
				CLANG_WARN_RANGE_LOOP_ANALYSIS = YES;
				CLANG_WARN_STRICT_PROTOTYPES = YES;
				CLANG_WARN_SUSPICIOUS_MOVE = YES;
				CLANG_WARN_UNGUARDED_AVAILABILITY = YES_AGGRESSIVE;
				CLANG_WARN_UNREACHABLE_CODE = YES;
				CLANG_WARN__DUPLICATE_METHOD_MATCH = YES;
				CODE_SIGN_IDENTITY = "iPhone Developer";
				COPY_PHASE_STRIP = NO;
				DEBUG_INFORMATION_FORMAT = dwarf;
				ENABLE_STRICT_OBJC_MSGSEND = YES;
				ENABLE_TESTABILITY = YES;
				GCC_C_LANGUAGE_STANDARD = gnu11;
				GCC_DYNAMIC_NO_PIC = NO;
				GCC_NO_COMMON_BLOCKS = YES;
				GCC_OPTIMIZATION_LEVEL = 0;
				GCC_PREPROCESSOR_DEFINITIONS = (
					"DEBUG=1",
					"$(inherited)",
				);
				GCC_WARN_64_TO_32_BIT_CONVERSION = YES;
				GCC_WARN_ABOUT_RETURN_TYPE = YES_ERROR;
				GCC_WARN_UNDECLARED_SELECTOR = YES;
				GCC_WARN_UNINITIALIZED_AUTOS = YES_AGGRESSIVE;
				GCC_WARN_UNUSED_FUNCTION = YES;
				GCC_WARN_UNUSED_VARIABLE = YES;
				IPHONEOS_DEPLOYMENT_TARGET = 11.0;
				MTL_ENABLE_DEBUG_INFO = YES;
				ONLY_ACTIVE_ARCH = YES;
				SDKROOT = iphoneos;
				SWIFT_ACTIVE_COMPILATION_CONDITIONS = DEBUG;
				SWIFT_OPTIMIZATION_LEVEL = "-Onone";
			};
			name = Debug;
		};
		51886CBA1FA8B7F1001EF5C9 /* Release */ = {
			isa = XCBuildConfiguration;
			buildSettings = {
				ALWAYS_SEARCH_USER_PATHS = NO;
				CLANG_ANALYZER_NONNULL = YES;
				CLANG_ANALYZER_NUMBER_OBJECT_CONVERSION = YES_AGGRESSIVE;
				CLANG_CXX_LANGUAGE_STANDARD = "gnu++14";
				CLANG_CXX_LIBRARY = "libc++";
				CLANG_ENABLE_MODULES = YES;
				CLANG_ENABLE_OBJC_ARC = YES;
				CLANG_WARN_BLOCK_CAPTURE_AUTORELEASING = YES;
				CLANG_WARN_BOOL_CONVERSION = YES;
				CLANG_WARN_COMMA = YES;
				CLANG_WARN_CONSTANT_CONVERSION = YES;
				CLANG_WARN_DIRECT_OBJC_ISA_USAGE = YES_ERROR;
				CLANG_WARN_DOCUMENTATION_COMMENTS = YES;
				CLANG_WARN_EMPTY_BODY = YES;
				CLANG_WARN_ENUM_CONVERSION = YES;
				CLANG_WARN_INFINITE_RECURSION = YES;
				CLANG_WARN_INT_CONVERSION = YES;
				CLANG_WARN_NON_LITERAL_NULL_CONVERSION = YES;
				CLANG_WARN_OBJC_LITERAL_CONVERSION = YES;
				CLANG_WARN_OBJC_ROOT_CLASS = YES_ERROR;
				CLANG_WARN_RANGE_LOOP_ANALYSIS = YES;
				CLANG_WARN_STRICT_PROTOTYPES = YES;
				CLANG_WARN_SUSPICIOUS_MOVE = YES;
				CLANG_WARN_UNGUARDED_AVAILABILITY = YES_AGGRESSIVE;
				CLANG_WARN_UNREACHABLE_CODE = YES;
				CLANG_WARN__DUPLICATE_METHOD_MATCH = YES;
				CODE_SIGN_IDENTITY = "iPhone Developer";
				COPY_PHASE_STRIP = NO;
				DEBUG_INFORMATION_FORMAT = "dwarf-with-dsym";
				ENABLE_NS_ASSERTIONS = NO;
				ENABLE_STRICT_OBJC_MSGSEND = YES;
				GCC_C_LANGUAGE_STANDARD = gnu11;
				GCC_NO_COMMON_BLOCKS = YES;
				GCC_WARN_64_TO_32_BIT_CONVERSION = YES;
				GCC_WARN_ABOUT_RETURN_TYPE = YES_ERROR;
				GCC_WARN_UNDECLARED_SELECTOR = YES;
				GCC_WARN_UNINITIALIZED_AUTOS = YES_AGGRESSIVE;
				GCC_WARN_UNUSED_FUNCTION = YES;
				GCC_WARN_UNUSED_VARIABLE = YES;
				IPHONEOS_DEPLOYMENT_TARGET = 11.0;
				MTL_ENABLE_DEBUG_INFO = NO;
				SDKROOT = iphoneos;
				SWIFT_OPTIMIZATION_LEVEL = "-Owholemodule";
				VALIDATE_PRODUCT = YES;
			};
			name = Release;
		};
		51886CBC1FA8B7F1001EF5C9 /* Debug */ = {
			isa = XCBuildConfiguration;
			baseConfigurationReference = E7EECEF11A68E34A24F3FA92 /* Pods-polipoli.debug.xcconfig */;
			buildSettings = {
				ASSETCATALOG_COMPILER_APPICON_NAME = AppIcon;
				DEVELOPMENT_TEAM = 8KHQ56KMFP;
				INFOPLIST_FILE = polipoli/Info.plist;
				LD_RUNPATH_SEARCH_PATHS = "$(inherited) @executable_path/Frameworks";
				PRODUCT_BUNDLE_IDENTIFIER = com.polipoli.polipoli;
				PRODUCT_NAME = "$(TARGET_NAME)";
				SWIFT_VERSION = 4.0;
				TARGETED_DEVICE_FAMILY = "1,2";
			};
			name = Debug;
		};
		51886CBD1FA8B7F1001EF5C9 /* Release */ = {
			isa = XCBuildConfiguration;
			baseConfigurationReference = 210E519D092C01CE9ED5981E /* Pods-polipoli.release.xcconfig */;
			buildSettings = {
				ASSETCATALOG_COMPILER_APPICON_NAME = AppIcon;
				DEVELOPMENT_TEAM = 8KHQ56KMFP;
				INFOPLIST_FILE = polipoli/Info.plist;
				LD_RUNPATH_SEARCH_PATHS = "$(inherited) @executable_path/Frameworks";
				PRODUCT_BUNDLE_IDENTIFIER = com.polipoli.polipoli;
				PRODUCT_NAME = "$(TARGET_NAME)";
				SWIFT_VERSION = 4.0;
				TARGETED_DEVICE_FAMILY = "1,2";
			};
			name = Release;
		};
/* End XCBuildConfiguration section */

/* Begin XCConfigurationList section */
		51886CA41FA8B7F1001EF5C9 /* Build configuration list for PBXProject "polipoli" */ = {
			isa = XCConfigurationList;
			buildConfigurations = (
				51886CB91FA8B7F1001EF5C9 /* Debug */,
				51886CBA1FA8B7F1001EF5C9 /* Release */,
			);
			defaultConfigurationIsVisible = 0;
			defaultConfigurationName = Release;
		};
		51886CBB1FA8B7F1001EF5C9 /* Build configuration list for PBXNativeTarget "polipoli" */ = {
			isa = XCConfigurationList;
			buildConfigurations = (
				51886CBC1FA8B7F1001EF5C9 /* Debug */,
				51886CBD1FA8B7F1001EF5C9 /* Release */,
			);
			defaultConfigurationIsVisible = 0;
			defaultConfigurationName = Release;
		};
/* End XCConfigurationList section */
	};
	rootObject = 51886CA11FA8B7F1001EF5C9 /* Project object */;
}
